
Microsoft Visual Studio Solution File, Format Version 12.00
# Visual Studio 15
VisualStudioVersion = 15.0.26124.0
MinimumVisualStudioVersion = 15.0.26124.0
Project("{FAE04EC0-301F-11D3-BF4B-00C04F79EFBC}") = "Dominio", "Dominio\Dominio.csproj", "{860126DD-7B21-46F3-968A-99890B7738B5}"
EndProject
Project("{FAE04EC0-301F-11D3-BF4B-00C04F79EFBC}") = "Persistencia", "Persistencia\Persistencia.csproj", "{78A8F2C9-1459-4C66-A9C1-D1687B308BE0}"
EndProject
Project("{FAE04EC0-301F-11D3-BF4B-00C04F79EFBC}") = "Aplicacion", "Aplicacion\Aplicacion.csproj", "{F41ABEA2-CDF1-4C2B-9652-3BBAD87D4B92}"
EndProject
Project("{FAE04EC0-301F-11D3-BF4B-00C04F79EFBC}") = "WebAPI", "WebAPI\WebAPI.csproj", "{70BE0D22-BAB3-4B4A-9131-8B6962051B63}"
EndProject
Global
	GlobalSection(SolutionConfigurationPlatforms) = preSolution
		Debug|Any CPU = Debug|Any CPU
		Debug|x64 = Debug|x64
		Debug|x86 = Debug|x86
		Release|Any CPU = Release|Any CPU
		Release|x64 = Release|x64
		Release|x86 = Release|x86
	EndGlobalSection
	GlobalSection(SolutionProperties) = preSolution
		HideSolutionNode = FALSE
	EndGlobalSection
	GlobalSection(ProjectConfigurationPlatforms) = postSolution
		{860126DD-7B21-46F3-968A-99890B7738B5}.Debug|Any CPU.ActiveCfg = Debug|Any CPU
		{860126DD-7B21-46F3-968A-99890B7738B5}.Debug|Any CPU.Build.0 = Debug|Any CPU
		{860126DD-7B21-46F3-968A-99890B7738B5}.Debug|x64.ActiveCfg = Debug|Any CPU
		{860126DD-7B21-46F3-968A-99890B7738B5}.Debug|x64.Build.0 = Debug|Any CPU
		{860126DD-7B21-46F3-968A-99890B7738B5}.Debug|x86.ActiveCfg = Debug|Any CPU
		{860126DD-7B21-46F3-968A-99890B7738B5}.Debug|x86.Build.0 = Debug|Any CPU
		{860126DD-7B21-46F3-968A-99890B7738B5}.Release|Any CPU.ActiveCfg = Release|Any CPU
		{860126DD-7B21-46F3-968A-99890B7738B5}.Release|Any CPU.Build.0 = Release|Any CPU
		{860126DD-7B21-46F3-968A-99890B7738B5}.Release|x64.ActiveCfg = Release|Any CPU
		{860126DD-7B21-46F3-968A-99890B7738B5}.Release|x64.Build.0 = Release|Any CPU
		{860126DD-7B21-46F3-968A-99890B7738B5}.Release|x86.ActiveCfg = Release|Any CPU
		{860126DD-7B21-46F3-968A-99890B7738B5}.Release|x86.Build.0 = Release|Any CPU
		{78A8F2C9-1459-4C66-A9C1-D1687B308BE0}.Debug|Any CPU.ActiveCfg = Debug|Any CPU
		{78A8F2C9-1459-4C66-A9C1-D1687B308BE0}.Debug|Any CPU.Build.0 = Debug|Any CPU
		{78A8F2C9-1459-4C66-A9C1-D1687B308BE0}.Debug|x64.ActiveCfg = Debug|Any CPU
		{78A8F2C9-1459-4C66-A9C1-D1687B308BE0}.Debug|x64.Build.0 = Debug|Any CPU
		{78A8F2C9-1459-4C66-A9C1-D1687B308BE0}.Debug|x86.ActiveCfg = Debug|Any CPU
		{78A8F2C9-1459-4C66-A9C1-D1687B308BE0}.Debug|x86.Build.0 = Debug|Any CPU
		{78A8F2C9-1459-4C66-A9C1-D1687B308BE0}.Release|Any CPU.ActiveCfg = Release|Any CPU
		{78A8F2C9-1459-4C66-A9C1-D1687B308BE0}.Release|Any CPU.Build.0 = Release|Any CPU
		{78A8F2C9-1459-4C66-A9C1-D1687B308BE0}.Release|x64.ActiveCfg = Release|Any CPU
		{78A8F2C9-1459-4C66-A9C1-D1687B308BE0}.Release|x64.Build.0 = Release|Any CPU
		{78A8F2C9-1459-4C66-A9C1-D1687B308BE0}.Release|x86.ActiveCfg = Release|Any CPU
		{78A8F2C9-1459-4C66-A9C1-D1687B308BE0}.Release|x86.Build.0 = Release|Any CPU
		{F41ABEA2-CDF1-4C2B-9652-3BBAD87D4B92}.Debug|Any CPU.ActiveCfg = Debug|Any CPU
		{F41ABEA2-CDF1-4C2B-9652-3BBAD87D4B92}.Debug|Any CPU.Build.0 = Debug|Any CPU
		{F41ABEA2-CDF1-4C2B-9652-3BBAD87D4B92}.Debug|x64.ActiveCfg = Debug|Any CPU
		{F41ABEA2-CDF1-4C2B-9652-3BBAD87D4B92}.Debug|x64.Build.0 = Debug|Any CPU
		{F41ABEA2-CDF1-4C2B-9652-3BBAD87D4B92}.Debug|x86.ActiveCfg = Debug|Any CPU
		{F41ABEA2-CDF1-4C2B-9652-3BBAD87D4B92}.Debug|x86.Build.0 = Debug|Any CPU
		{F41ABEA2-CDF1-4C2B-9652-3BBAD87D4B92}.Release|Any CPU.ActiveCfg = Release|Any CPU
		{F41ABEA2-CDF1-4C2B-9652-3BBAD87D4B92}.Release|Any CPU.Build.0 = Release|Any CPU
		{F41ABEA2-CDF1-4C2B-9652-3BBAD87D4B92}.Release|x64.ActiveCfg = Release|Any CPU
		{F41ABEA2-CDF1-4C2B-9652-3BBAD87D4B92}.Release|x64.Build.0 = Release|Any CPU
		{F41ABEA2-CDF1-4C2B-9652-3BBAD87D4B92}.Release|x86.ActiveCfg = Release|Any CPU
		{F41ABEA2-CDF1-4C2B-9652-3BBAD87D4B92}.Release|x86.Build.0 = Release|Any CPU
		{70BE0D22-BAB3-4B4A-9131-8B6962051B63}.Debug|Any CPU.ActiveCfg = Debug|Any CPU
		{70BE0D22-BAB3-4B4A-9131-8B6962051B63}.Debug|Any CPU.Build.0 = Debug|Any CPU
		{70BE0D22-BAB3-4B4A-9131-8B6962051B63}.Debug|x64.ActiveCfg = Debug|Any CPU
		{70BE0D22-BAB3-4B4A-9131-8B6962051B63}.Debug|x64.Build.0 = Debug|Any CPU
		{70BE0D22-BAB3-4B4A-9131-8B6962051B63}.Debug|x86.ActiveCfg = Debug|Any CPU
		{70BE0D22-BAB3-4B4A-9131-8B6962051B63}.Debug|x86.Build.0 = Debug|Any CPU
		{70BE0D22-BAB3-4B4A-9131-8B6962051B63}.Release|Any CPU.ActiveCfg = Release|Any CPU
		{70BE0D22-BAB3-4B4A-9131-8B6962051B63}.Release|Any CPU.Build.0 = Release|Any CPU
		{70BE0D22-BAB3-4B4A-9131-8B6962051B63}.Release|x64.ActiveCfg = Release|Any CPU
		{70BE0D22-BAB3-4B4A-9131-8B6962051B63}.Release|x64.Build.0 = Release|Any CPU
		{70BE0D22-BAB3-4B4A-9131-8B6962051B63}.Release|x86.ActiveCfg = Release|Any CPU
		{70BE0D22-BAB3-4B4A-9131-8B6962051B63}.Release|x86.Build.0 = Release|Any CPU
	EndGlobalSection
EndGlobal
